
Microsoft Visual Studio Solution File, Format Version 12.00
Project("{8BC9CEB8-8B4A-11D0-8D11-00A0C91BC942}") = "Sandbox", "Sandbox\Sandbox.vcxproj", "{B816965B-EEA3-4375-A1B9-6BE094C2C78A}"
EndProject
Project("{8BC9CEB8-8B4A-11D0-8D11-00A0C91BC942}") = "SuperWickedEngine", "SuperWickedEngine\SuperWickedEngine.vcxproj", "{43CD3DA8-E03F-4A9F-A6D9-921C2A4735E9}"
EndProject
Global
	GlobalSection(SolutionConfigurationPlatforms) = preSolution
		Debug|x64 = Debug|x64
		Release|x64 = Release|x64
	EndGlobalSection
	GlobalSection(ProjectConfigurationPlatforms) = postSolution
		{B816965B-EEA3-4375-A1B9-6BE094C2C78A}.Debug|x64.ActiveCfg = Debug|x64
		{B816965B-EEA3-4375-A1B9-6BE094C2C78A}.Debug|x64.Build.0 = Debug|x64
		{B816965B-EEA3-4375-A1B9-6BE094C2C78A}.Release|x64.ActiveCfg = Debug|x64
		{B816965B-EEA3-4375-A1B9-6BE094C2C78A}.Release|x64.Build.0 = Debug|x64
	EndGlobalSection
EndGlobal
