<?xml version="1.0" encoding="utf-8"?>
<Project ToolsVersion="4.0" xmlns="http://schemas.microsoft.com/developer/msbuild/2003">
  <ItemGroup>
    <Filter Include="SuperWickedEngine">
      <UniqueIdentifier>{41DC9456-ADF2-92EC-F669-1E0E62BF6374}</UniqueIdentifier>
    </Filter>
  </ItemGroup>
  <ItemGroup>
    <ClInclude Include="src\SuperWickedEngine.h" />
    <ClInclude Include="src\SuperWickedEngine\Application.h">
      <Filter>SuperWickedEngine</Filter>
    </ClInclude>
    <ClInclude Include="src\SuperWickedEngine\Core.h">
      <Filter>SuperWickedEngine</Filter>
    </ClInclude>
    <ClInclude Include="src\SuperWickedEngine\EntryPoint.h">
      <Filter>SuperWickedEngine</Filter>
    </ClInclude>
  </ItemGroup>
  <ItemGroup>
    <ClCompile Include="src\SuperWickedEngine\Application.cpp">
      <Filter>SuperWickedEngine</Filter>
    </ClCompile>
  </ItemGroup>
</Project>